
Microsoft Visual Studio Solution File, Format Version 12.00
# Visual Studio Version 17
VisualStudioVersion = 17.14.36119.2 d17.14
MinimumVisualStudioVersion = 10.0.40219.1
Project("{FAE04EC0-301F-11D3-BF4B-00C04F79EFBC}") = "Week 1 Lab", "Week 1 Lab\Week 1 Lab.csproj", "{F2710AE7-DE7F-416B-8C04-FC0120DFE4A4}"
EndProject
Global
	GlobalSection(SolutionConfigurationPlatforms) = preSolution
		Debug|Any CPU = Debug|Any CPU
		Release|Any CPU = Release|Any CPU
	EndGlobalSection
	GlobalSection(ProjectConfigurationPlatforms) = postSolution
		{F2710AE7-DE7F-416B-8C04-FC0120DFE4A4}.Debug|Any CPU.ActiveCfg = Debug|Any CPU
		{F2710AE7-DE7F-416B-8C04-FC0120DFE4A4}.Debug|Any CPU.Build.0 = Debug|Any CPU
		{F2710AE7-DE7F-416B-8C04-FC0120DFE4A4}.Release|Any CPU.ActiveCfg = Release|Any CPU
		{F2710AE7-DE7F-416B-8C04-FC0120DFE4A4}.Release|Any CPU.Build.0 = Release|Any CPU
	EndGlobalSection
	GlobalSection(SolutionProperties) = preSolution
		HideSolutionNode = FALSE
	EndGlobalSection
	GlobalSection(ExtensibilityGlobals) = postSolution
		SolutionGuid = {260CA1D4-5272-43DB-B8E1-A41F7AF96859}
	EndGlobalSection
EndGlobal
